
Microsoft Visual Studio Solution File, Format Version 11.00
# Visual Studio 2010
Project("{FAE04EC0-301F-11D3-BF4B-00C04F79EFBC}") = "GitSvnUpdateFolder", "GitSvnUpdateFolder\GitSvnUpdateFolder.csproj", "{F7F38556-6F03-4CC8-84FF-FA929473298A}"
EndProject
Project("{2150E333-8FDC-42A3-9474-1A3956D46DE8}") = ".nuget", ".nuget", "{6651F94B-DBA0-4BA6-8113-38FE32288A67}"
	ProjectSection(SolutionItems) = preProject
		.nuget\NuGet.Config = .nuget\NuGet.Config
		.nuget\NuGet.exe = .nuget\NuGet.exe
		.nuget\NuGet.targets = .nuget\NuGet.targets
	EndProjectSection
EndProject
Global
	GlobalSection(SolutionConfigurationPlatforms) = preSolution
		Debug|x86 = Debug|x86
		Release|x86 = Release|x86
	EndGlobalSection
	GlobalSection(ProjectConfigurationPlatforms) = postSolution
		{F7F38556-6F03-4CC8-84FF-FA929473298A}.Debug|x86.ActiveCfg = Debug|x86
		{F7F38556-6F03-4CC8-84FF-FA929473298A}.Debug|x86.Build.0 = Debug|x86
		{F7F38556-6F03-4CC8-84FF-FA929473298A}.Release|x86.ActiveCfg = Release|x86
		{F7F38556-6F03-4CC8-84FF-FA929473298A}.Release|x86.Build.0 = Release|x86
	EndGlobalSection
	GlobalSection(SolutionProperties) = preSolution
		HideSolutionNode = FALSE
	EndGlobalSection
	GlobalSection(ExtensibilityGlobals) = postSolution
		EnterpriseLibraryConfigurationToolBinariesPath = packages\Unity.2.1.505.0\lib\NET35
	EndGlobalSection
EndGlobal
